
Microsoft Visual Studio Solution File, Format Version 12.00
# Visual Studio Version 17
VisualStudioVersion = 17.11.35327.3
MinimumVisualStudioVersion = 10.0.40219.1
Project("{9A19103F-16F7-4668-BE54-9A1E7A4F7556}") = "CV19_2", "CV19_2\CV19_2.csproj", "{34F0FC13-6E1F-4F7A-A193-E085B7021EBF}"
EndProject
Project("{2150E333-8FDC-42A3-9474-1A3956D46DE8}") = "Tests", "Tests", "{4D37C824-69A6-489F-B437-992DB0D4D890}"
EndProject
Project("{9A19103F-16F7-4668-BE54-9A1E7A4F7556}") = "CV19WPF_Tests", "CV19WPF_Tests\CV19WPF_Tests.csproj", "{3703F7C9-0943-4B09-AF77-F186175F5551}"
EndProject
Project("{9A19103F-16F7-4668-BE54-9A1E7A4F7556}") = "Console", "ConsoleApp1\Console.csproj", "{3E38FD60-0965-427A-ABDE-28CC2E0D61C5}"
EndProject
Project("{FAE04EC0-301F-11D3-BF4B-00C04F79EFBC}") = "Linq_101_test", "Linq_101_test\Linq_101_test.csproj", "{3A30BA94-DE4D-4B5A-88AE-8CC3FCB9B7C2}"
EndProject
Project("{2150E333-8FDC-42A3-9474-1A3956D46DE8}") = "Linq_Tests", "Linq_Tests", "{C80853CA-44EC-4D04-9C7B-4CF6DBDB1BDD}"
EndProject
Project("{FAE04EC0-301F-11D3-BF4B-00C04F79EFBC}") = "TCPData", "TCPData\TCPData.csproj", "{363F503F-444B-41DD-9FFC-5BE7C27842EE}"
EndProject
Project("{FAE04EC0-301F-11D3-BF4B-00C04F79EFBC}") = "TCPExtensions", "TCPExtensions\TCPExtensions.csproj", "{DEADF13D-3463-4C7A-AFFA-3548FC4D53CA}"
EndProject
Project("{FAE04EC0-301F-11D3-BF4B-00C04F79EFBC}") = "LINQExample_1", "LINQExample_1\LINQExample_1.csproj", "{890FBC06-96DF-4AC4-A598-33DDD5579415}"
EndProject
Project("{2150E333-8FDC-42A3-9474-1A3956D46DE8}") = "LINQ_Examples", "LINQ_Examples", "{EDAEECB4-5348-4F16-BBE7-239EC9437B82}"
EndProject
Global
	GlobalSection(SolutionConfigurationPlatforms) = preSolution
		Debug|Any CPU = Debug|Any CPU
		Release|Any CPU = Release|Any CPU
	EndGlobalSection
	GlobalSection(ProjectConfigurationPlatforms) = postSolution
		{34F0FC13-6E1F-4F7A-A193-E085B7021EBF}.Debug|Any CPU.ActiveCfg = Debug|Any CPU
		{34F0FC13-6E1F-4F7A-A193-E085B7021EBF}.Debug|Any CPU.Build.0 = Debug|Any CPU
		{34F0FC13-6E1F-4F7A-A193-E085B7021EBF}.Release|Any CPU.ActiveCfg = Release|Any CPU
		{34F0FC13-6E1F-4F7A-A193-E085B7021EBF}.Release|Any CPU.Build.0 = Release|Any CPU
		{3703F7C9-0943-4B09-AF77-F186175F5551}.Debug|Any CPU.ActiveCfg = Debug|Any CPU
		{3703F7C9-0943-4B09-AF77-F186175F5551}.Debug|Any CPU.Build.0 = Debug|Any CPU
		{3703F7C9-0943-4B09-AF77-F186175F5551}.Release|Any CPU.ActiveCfg = Release|Any CPU
		{3703F7C9-0943-4B09-AF77-F186175F5551}.Release|Any CPU.Build.0 = Release|Any CPU
		{3E38FD60-0965-427A-ABDE-28CC2E0D61C5}.Debug|Any CPU.ActiveCfg = Debug|Any CPU
		{3E38FD60-0965-427A-ABDE-28CC2E0D61C5}.Debug|Any CPU.Build.0 = Debug|Any CPU
		{3E38FD60-0965-427A-ABDE-28CC2E0D61C5}.Release|Any CPU.ActiveCfg = Release|Any CPU
		{3E38FD60-0965-427A-ABDE-28CC2E0D61C5}.Release|Any CPU.Build.0 = Release|Any CPU
		{3A30BA94-DE4D-4B5A-88AE-8CC3FCB9B7C2}.Debug|Any CPU.ActiveCfg = Debug|Any CPU
		{3A30BA94-DE4D-4B5A-88AE-8CC3FCB9B7C2}.Debug|Any CPU.Build.0 = Debug|Any CPU
		{3A30BA94-DE4D-4B5A-88AE-8CC3FCB9B7C2}.Release|Any CPU.ActiveCfg = Release|Any CPU
		{3A30BA94-DE4D-4B5A-88AE-8CC3FCB9B7C2}.Release|Any CPU.Build.0 = Release|Any CPU
		{363F503F-444B-41DD-9FFC-5BE7C27842EE}.Debug|Any CPU.ActiveCfg = Debug|Any CPU
		{363F503F-444B-41DD-9FFC-5BE7C27842EE}.Debug|Any CPU.Build.0 = Debug|Any CPU
		{363F503F-444B-41DD-9FFC-5BE7C27842EE}.Release|Any CPU.ActiveCfg = Release|Any CPU
		{363F503F-444B-41DD-9FFC-5BE7C27842EE}.Release|Any CPU.Build.0 = Release|Any CPU
		{DEADF13D-3463-4C7A-AFFA-3548FC4D53CA}.Debug|Any CPU.ActiveCfg = Debug|Any CPU
		{DEADF13D-3463-4C7A-AFFA-3548FC4D53CA}.Debug|Any CPU.Build.0 = Debug|Any CPU
		{DEADF13D-3463-4C7A-AFFA-3548FC4D53CA}.Release|Any CPU.ActiveCfg = Release|Any CPU
		{DEADF13D-3463-4C7A-AFFA-3548FC4D53CA}.Release|Any CPU.Build.0 = Release|Any CPU
		{890FBC06-96DF-4AC4-A598-33DDD5579415}.Debug|Any CPU.ActiveCfg = Debug|Any CPU
		{890FBC06-96DF-4AC4-A598-33DDD5579415}.Debug|Any CPU.Build.0 = Debug|Any CPU
		{890FBC06-96DF-4AC4-A598-33DDD5579415}.Release|Any CPU.ActiveCfg = Release|Any CPU
		{890FBC06-96DF-4AC4-A598-33DDD5579415}.Release|Any CPU.Build.0 = Release|Any CPU
	EndGlobalSection
	GlobalSection(SolutionProperties) = preSolution
		HideSolutionNode = FALSE
	EndGlobalSection
	GlobalSection(NestedProjects) = preSolution
		{3703F7C9-0943-4B09-AF77-F186175F5551} = {4D37C824-69A6-489F-B437-992DB0D4D890}
		{3E38FD60-0965-427A-ABDE-28CC2E0D61C5} = {4D37C824-69A6-489F-B437-992DB0D4D890}
		{3A30BA94-DE4D-4B5A-88AE-8CC3FCB9B7C2} = {C80853CA-44EC-4D04-9C7B-4CF6DBDB1BDD}
		{363F503F-444B-41DD-9FFC-5BE7C27842EE} = {C80853CA-44EC-4D04-9C7B-4CF6DBDB1BDD}
		{DEADF13D-3463-4C7A-AFFA-3548FC4D53CA} = {C80853CA-44EC-4D04-9C7B-4CF6DBDB1BDD}
		{890FBC06-96DF-4AC4-A598-33DDD5579415} = {EDAEECB4-5348-4F16-BBE7-239EC9437B82}
		{EDAEECB4-5348-4F16-BBE7-239EC9437B82} = {C80853CA-44EC-4D04-9C7B-4CF6DBDB1BDD}
	EndGlobalSection
	GlobalSection(ExtensibilityGlobals) = postSolution
		SolutionGuid = {5BCC5F1F-D312-4630-8953-650F3DD701C9}
	EndGlobalSection
EndGlobal
